
Microsoft Visual Studio Solution File, Format Version 12.00
# Visual Studio 14
VisualStudioVersion = 14.0.25420.1
MinimumVisualStudioVersion = 10.0.40219.1
Project("{FAE04EC0-301F-11D3-BF4B-00C04F79EFBC}") = "Lightning Uniqueizer", "Lightning Uniqueizer\Lightning Uniqueizer.csproj", "{AD6F5E17-5E58-46FF-8F8F-4D252141965B}"
EndProject
Global
	GlobalSection(SolutionConfigurationPlatforms) = preSolution
		Debug|Any CPU = Debug|Any CPU
		Release|Any CPU = Release|Any CPU
	EndGlobalSection
	GlobalSection(ProjectConfigurationPlatforms) = postSolution
		{AD6F5E17-5E58-46FF-8F8F-4D252141965B}.Debug|Any CPU.ActiveCfg = Debug|Any CPU
		{AD6F5E17-5E58-46FF-8F8F-4D252141965B}.Debug|Any CPU.Build.0 = Debug|Any CPU
		{AD6F5E17-5E58-46FF-8F8F-4D252141965B}.Release|Any CPU.ActiveCfg = Release|Any CPU
		{AD6F5E17-5E58-46FF-8F8F-4D252141965B}.Release|Any CPU.Build.0 = Release|Any CPU
	EndGlobalSection
	GlobalSection(SolutionProperties) = preSolution
		HideSolutionNode = FALSE
	EndGlobalSection
EndGlobal
